
Microsoft Visual Studio Solution File, Format Version 12.00
# Visual Studio Version 17
VisualStudioVersion = 17.4.33122.133
MinimumVisualStudioVersion = 10.0.40219.1
Project("{FAE04EC0-301F-11D3-BF4B-00C04F79EFBC}") = "edgeService", "edgeService\edgeService.csproj", "{79EB904E-AA0C-4111-89FE-4BE672B01457}"
EndProject
Global
	GlobalSection(SolutionConfigurationPlatforms) = preSolution
		Debug|Any CPU = Debug|Any CPU
		Release|Any CPU = Release|Any CPU
	EndGlobalSection
	GlobalSection(ProjectConfigurationPlatforms) = postSolution
		{79EB904E-AA0C-4111-89FE-4BE672B01457}.Debug|Any CPU.ActiveCfg = Debug|Any CPU
		{79EB904E-AA0C-4111-89FE-4BE672B01457}.Debug|Any CPU.Build.0 = Debug|Any CPU
		{79EB904E-AA0C-4111-89FE-4BE672B01457}.Release|Any CPU.ActiveCfg = Release|Any CPU
		{79EB904E-AA0C-4111-89FE-4BE672B01457}.Release|Any CPU.Build.0 = Release|Any CPU
	EndGlobalSection
	GlobalSection(SolutionProperties) = preSolution
		HideSolutionNode = FALSE
	EndGlobalSection
	GlobalSection(ExtensibilityGlobals) = postSolution
		SolutionGuid = {49AA32E2-9F32-4043-B1C3-289649085C85}
	EndGlobalSection
EndGlobal
